
Microsoft Visual Studio Solution File, Format Version 12.00
# Visual Studio Version 17
VisualStudioVersion = 17.14.36408.4 d17.14
MinimumVisualStudioVersion = 10.0.40219.1
Project("{FAE04EC0-301F-11D3-BF4B-00C04F79EFBC}") = "ExploradordePaises", "ExploradordePaises\ExploradordePaises.csproj", "{7233B0AC-4BF6-40C0-9304-5824964BB160}"
EndProject
Global
	GlobalSection(SolutionConfigurationPlatforms) = preSolution
		Debug|Any CPU = Debug|Any CPU
		Release|Any CPU = Release|Any CPU
	EndGlobalSection
	GlobalSection(ProjectConfigurationPlatforms) = postSolution
		{7233B0AC-4BF6-40C0-9304-5824964BB160}.Debug|Any CPU.ActiveCfg = Debug|Any CPU
		{7233B0AC-4BF6-40C0-9304-5824964BB160}.Debug|Any CPU.Build.0 = Debug|Any CPU
		{7233B0AC-4BF6-40C0-9304-5824964BB160}.Release|Any CPU.ActiveCfg = Release|Any CPU
		{7233B0AC-4BF6-40C0-9304-5824964BB160}.Release|Any CPU.Build.0 = Release|Any CPU
	EndGlobalSection
	GlobalSection(SolutionProperties) = preSolution
		HideSolutionNode = FALSE
	EndGlobalSection
	GlobalSection(ExtensibilityGlobals) = postSolution
		SolutionGuid = {F59E2AA1-7AD5-4860-BBC0-7DD1A2661A34}
	EndGlobalSection
EndGlobal
